
Microsoft Visual Studio Solution File, Format Version 12.00
# Visual Studio 15
VisualStudioVersion = 15.0.27004.2005
MinimumVisualStudioVersion = 10.0.40219.1
Project("{FAE04EC0-301F-11D3-BF4B-00C04F79EFBC}") = "BoundaryPatternAnalysisUsingCentroidalProfiles", "BoundaryPatternAnalysisUsingCentroidalProfiles\BoundaryPatternAnalysisUsingCentroidalProfiles.csproj", "{C13B14B8-A4F9-4FE8-87CD-A870C63EEA2B}"
EndProject
Global
	GlobalSection(SolutionConfigurationPlatforms) = preSolution
		Debug|Any CPU = Debug|Any CPU
		Release|Any CPU = Release|Any CPU
	EndGlobalSection
	GlobalSection(ProjectConfigurationPlatforms) = postSolution
		{C13B14B8-A4F9-4FE8-87CD-A870C63EEA2B}.Debug|Any CPU.ActiveCfg = Debug|Any CPU
		{C13B14B8-A4F9-4FE8-87CD-A870C63EEA2B}.Debug|Any CPU.Build.0 = Debug|Any CPU
		{C13B14B8-A4F9-4FE8-87CD-A870C63EEA2B}.Release|Any CPU.ActiveCfg = Release|Any CPU
		{C13B14B8-A4F9-4FE8-87CD-A870C63EEA2B}.Release|Any CPU.Build.0 = Release|Any CPU
	EndGlobalSection
	GlobalSection(SolutionProperties) = preSolution
		HideSolutionNode = FALSE
	EndGlobalSection
	GlobalSection(ExtensibilityGlobals) = postSolution
		SolutionGuid = {0504463F-A4E8-42A7-8DB9-34238BAB8FEC}
	EndGlobalSection
EndGlobal
